// !$*UTF8*$!
{
	archiveVersion = 1;
	classes = {
	};
	objectVersion = 46;
	objects = {

/* Begin PBXBuildFile section */
		1ED87ACA1AE777C700EEF177 /* AppDelegate.swift in Sources */ = {isa = PBXBuildFile; fileRef = 1ED87AC91AE777C700EEF177 /* AppDelegate.swift */; };
		1ED87ACD1AE777C700EEF177 /* Experiment.xcdatamodeld in Sources */ = {isa = PBXBuildFile; fileRef = 1ED87ACB1AE777C700EEF177 /* Experiment.xcdatamodeld */; };
		1ED87ACF1AE777C700EEF177 /* ViewController.swift in Sources */ = {isa = PBXBuildFile; fileRef = 1ED87ACE1AE777C700EEF177 /* ViewController.swift */; };
		1ED87AD21AE777C700EEF177 /* Main.storyboard in Resources */ = {isa = PBXBuildFile; fileRef = 1ED87AD01AE777C700EEF177 /* Main.storyboard */; };
		1ED87AD41AE777C700EEF177 /* Images.xcassets in Resources */ = {isa = PBXBuildFile; fileRef = 1ED87AD31AE777C700EEF177 /* Images.xcassets */; };
		1ED87AD71AE777C700EEF177 /* LaunchScreen.xib in Resources */ = {isa = PBXBuildFile; fileRef = 1ED87AD51AE777C700EEF177 /* LaunchScreen.xib */; };
		1ED87AE31AE777C700EEF177 /* ExperimentTests.swift in Sources */ = {isa = PBXBuildFile; fileRef = 1ED87AE21AE777C700EEF177 /* ExperimentTests.swift */; };
/* End PBXBuildFile section */

/* Begin PBXContainerItemProxy section */
		1ED87ADD1AE777C700EEF177 /* PBXContainerItemProxy */ = {
			isa = PBXContainerItemProxy;
			containerPortal = 1ED87ABC1AE777C700EEF177 /* Project object */;
			proxyType = 1;
			remoteGlobalIDString = 1ED87AC31AE777C700EEF177;
			remoteInfo = Experiment;
		};
/* End PBXContainerItemProxy section */

/* Begin PBXFileReference section */
		1ED87AC41AE777C700EEF177 /* Experiment.app */ = {isa = PBXFileReference; explicitFileType = wrapper.application; includeInIndex = 0; path = Experiment.app; sourceTree = BUILT_PRODUCTS_DIR; };
		1ED87AC81AE777C700EEF177 /* Info.plist */ = {isa = PBXFileReference; lastKnownFileType = text.plist.xml; path = Info.plist; sourceTree = "<group>"; };
		1ED87AC91AE777C700EEF177 /* AppDelegate.swift */ = {isa = PBXFileReference; lastKnownFileType = sourcecode.swift; path = AppDelegate.swift; sourceTree = "<group>"; };
		1ED87ACC1AE777C700EEF177 /* Experiment.xcdatamodel */ = {isa = PBXFileReference; lastKnownFileType = wrapper.xcdatamodel; path = Experiment.xcdatamodel; sourceTree = "<group>"; };
		1ED87ACE1AE777C700EEF177 /* ViewController.swift */ = {isa = PBXFileReference; lastKnownFileType = sourcecode.swift; path = ViewController.swift; sourceTree = "<group>"; };
		1ED87AD11AE777C700EEF177 /* Base */ = {isa = PBXFileReference; lastKnownFileType = file.storyboard; name = Base; path = Base.lproj/Main.storyboard; sourceTree = "<group>"; };
		1ED87AD31AE777C700EEF177 /* Images.xcassets */ = {isa = PBXFileReference; lastKnownFileType = folder.assetcatalog; path = Images.xcassets; sourceTree = "<group>"; };
		1ED87AD61AE777C700EEF177 /* Base */ = {isa = PBXFileReference; lastKnownFileType = file.xib; name = Base; path = Base.lproj/LaunchScreen.xib; sourceTree = "<group>"; };
		1ED87ADC1AE777C700EEF177 /* ExperimentTests.xctest */ = {isa = PBXFileReference; explicitFileType = wrapper.cfbundle; includeInIndex = 0; path = ExperimentTests.xctest; sourceTree = BUILT_PRODUCTS_DIR; };
		1ED87AE11AE777C700EEF177 /* Info.plist */ = {isa = PBXFileReference; lastKnownFileType = text.plist.xml; path = Info.plist; sourceTree = "<group>"; };
		1ED87AE21AE777C700EEF177 /* ExperimentTests.swift */ = {isa = PBXFileReference; lastKnownFileType = sourcecode.swift; path = ExperimentTests.swift; sourceTree = "<group>"; };
/* End PBXFileReference section */

/* Begin PBXFrameworksBuildPhase section */
		1ED87AC11AE777C700EEF177 /* Frameworks */ = {
			isa = PBXFrameworksBuildPhase;
			buildActionMask = 2147483647;
			files = (
			);
			runOnlyForDeploymentPostprocessing = 0;
		};
		1ED87AD91AE777C700EEF177 /* Frameworks */ = {
			isa = PBXFrameworksBuildPhase;
			buildActionMask = 2147483647;
			files = (
			);
			runOnlyForDeploymentPostprocessing = 0;
		};
/* End PBXFrameworksBuildPhase section */

/* Begin PBXGroup section */
		1ED87ABB1AE777C700EEF177 = {
			isa = PBXGroup;
			children = (
				1ED87AC61AE777C700EEF177 /* Experiment */,
				1ED87ADF1AE777C700EEF177 /* ExperimentTests */,
				1ED87AC51AE777C700EEF177 /* Products */,
			);
			sourceTree = "<group>";
		};
		1ED87AC51AE777C700EEF177 /* Products */ = {
			isa = PBXGroup;
			children = (
				1ED87AC41AE777C700EEF177 /* Experiment.app */,
				1ED87ADC1AE777C700EEF177 /* ExperimentTests.xctest */,
			);
			name = Products;
			sourceTree = "<group>";
		};
		1ED87AC61AE777C700EEF177 /* Experiment */ = {
			isa = PBXGroup;
			children = (
				1ED87AC91AE777C700EEF177 /* AppDelegate.swift */,
				1ED87ACE1AE777C700EEF177 /* ViewController.swift */,
				1ED87AD01AE777C700EEF177 /* Main.storyboard */,
				1ED87AD31AE777C700EEF177 /* Images.xcassets */,
				1ED87AD51AE777C700EEF177 /* LaunchScreen.xib */,
				1ED87ACB1AE777C700EEF177 /* Experiment.xcdatamodeld */,
				1ED87AC71AE777C700EEF177 /* Supporting Files */,
			);
			path = Experiment;
			sourceTree = "<group>";
		};
		1ED87AC71AE777C700EEF177 /* Supporting Files */ = {
			isa = PBXGroup;
			children = (
				1ED87AC81AE777C700EEF177 /* Info.plist */,
			);
			name = "Supporting Files";
			sourceTree = "<group>";
		};
		1ED87ADF1AE777C700EEF177 /* ExperimentTests */ = {
			isa = PBXGroup;
			children = (
				1ED87AE21AE777C700EEF177 /* ExperimentTests.swift */,
				1ED87AE01AE777C700EEF177 /* Supporting Files */,
			);
			path = ExperimentTests;
			sourceTree = "<group>";
		};
		1ED87AE01AE777C700EEF177 /* Supporting Files */ = {
			isa = PBXGroup;
			children = (
				1ED87AE11AE777C700EEF177 /* Info.plist */,
			);
			name = "Supporting Files";
			sourceTree = "<group>";
		};
/* End PBXGroup section */

/* Begin PBXNativeTarget section */
		1ED87AC31AE777C700EEF177 /* Experiment */ = {
			isa = PBXNativeTarget;
			buildConfigurationList = 1ED87AE61AE777C700EEF177 /* Build configuration list for PBXNativeTarget "Experiment" */;
			buildPhases = (
				1ED87AC01AE777C700EEF177 /* Sources */,
				1ED87AC11AE777C700EEF177 /* Frameworks */,
				1ED87AC21AE777C700EEF177 /* Resources */,
			);
			buildRules = (
			);
			dependencies = (
			);
			name = Experiment;
			productName = Experiment;
			productReference = 1ED87AC41AE777C700EEF177 /* Experiment.app */;
			productType = "com.apple.product-type.application";
		};
		1ED87ADB1AE777C700EEF177 /* ExperimentTests */ = {
			isa = PBXNativeTarget;
			buildConfigurationList = 1ED87AE91AE777C700EEF177 /* Build configuration list for PBXNativeTarget "ExperimentTests" */;
			buildPhases = (
				1ED87AD81AE777C700EEF177 /* Sources */,
				1ED87AD91AE777C700EEF177 /* Frameworks */,
				1ED87ADA1AE777C700EEF177 /* Resources */,
			);
			buildRules = (
			);
			dependencies = (
				1ED87ADE1AE777C700EEF177 /* PBXTargetDependency */,
			);
			name = ExperimentTests;
			productName = ExperimentTests;
			productReference = 1ED87ADC1AE777C700EEF177 /* ExperimentTests.xctest */;
			productType = "com.apple.product-type.bundle.unit-test";
		};
/* End PBXNativeTarget section */

/* Begin PBXProject section */
		1ED87ABC1AE777C700EEF177 /* Project object */ = {
			isa = PBXProject;
			attributes = {
				LastUpgradeCheck = 0610;
				ORGANIZATIONNAME = maniarali;
				TargetAttributes = {
					1ED87AC31AE777C700EEF177 = {
						CreatedOnToolsVersion = 6.1;
					};
					1ED87ADB1AE777C700EEF177 = {
						CreatedOnToolsVersion = 6.1;
						TestTargetID = 1ED87AC31AE777C700EEF177;
					};
				};
			};
			buildConfigurationList = 1ED87ABF1AE777C700EEF177 /* Build configuration list for PBXProject "Experiment" */;
			compatibilityVersion = "Xcode 3.2";
			developmentRegion = English;
			hasScannedForEncodings = 0;
			knownRegions = (
				en,
				Base,
			);
			mainGroup = 1ED87ABB1AE777C700EEF177;
			productRefGroup = 1ED87AC51AE777C700EEF177 /* Products */;
			projectDirPath = "";
			projectRoot = "";
			targets = (
				1ED87AC31AE777C700EEF177 /* Experiment */,
				1ED87ADB1AE777C700EEF177 /* ExperimentTests */,
			);
		};
/* End PBXProject section */

/* Begin PBXResourcesBuildPhase section */
		1ED87AC21AE777C700EEF177 /* Resources */ = {
			isa = PBXResourcesBuildPhase;
			buildActionMask = 2147483647;
			files = (
				1ED87AD21AE777C700EEF177 /* Main.storyboard in Resources */,
				1ED87AD71AE777C700EEF177 /* LaunchScreen.xib in Resources */,
				1ED87AD41AE777C700EEF177 /* Images.xcassets in Resources */,
			);
			runOnlyForDeploymentPostprocessing = 0;
		};
		1ED87ADA1AE777C700EEF177 /* Resources */ = {
			isa = PBXResourcesBuildPhase;
			buildActionMask = 2147483647;
			files = (
			);
			runOnlyForDeploymentPostprocessing = 0;
		};
/* End PBXResourcesBuildPhase section */

/* Begin PBXSourcesBuildPhase section */
		1ED87AC01AE777C700EEF177 /* Sources */ = {
			isa = PBXSourcesBuildPhase;
			buildActionMask = 2147483647;
			files = (
				1ED87ACF1AE777C700EEF177 /* ViewController.swift in Sources */,
				1ED87ACD1AE777C700EEF177 /* Experiment.xcdatamodeld in Sources */,
				1ED87ACA1AE777C700EEF177 /* AppDelegate.swift in Sources */,
			);
			runOnlyForDeploymentPostprocessing = 0;
		};
		1ED87AD81AE777C700EEF177 /* Sources */ = {
			isa = PBXSourcesBuildPhase;
			buildActionMask = 2147483647;
			files = (
				1ED87AE31AE777C700EEF177 /* ExperimentTests.swift in Sources */,
			);
			runOnlyForDeploymentPostprocessing = 0;
		};
/* End PBXSourcesBuildPhase section */

/* Begin PBXTargetDependency section */
		1ED87ADE1AE777C700EEF177 /* PBXTargetDependency */ = {
			isa = PBXTargetDependency;
			target = 1ED87AC31AE777C700EEF177 /* Experiment */;
			targetProxy = 1ED87ADD1AE777C700EEF177 /* PBXContainerItemProxy */;
		};
/* End PBXTargetDependency section */

/* Begin PBXVariantGroup section */
		1ED87AD01AE777C700EEF177 /* Main.storyboard */ = {
			isa = PBXVariantGroup;
			children = (
				1ED87AD11AE777C700EEF177 /* Base */,
			);
			name = Main.storyboard;
			sourceTree = "<group>";
		};
		1ED87AD51AE777C700EEF177 /* LaunchScreen.xib */ = {
			isa = PBXVariantGroup;
			children = (
				1ED87AD61AE777C700EEF177 /* Base */,
			);
			name = LaunchScreen.xib;
			sourceTree = "<group>";
		};
/* End PBXVariantGroup section */

/* Begin XCBuildConfiguration section */
		1ED87AE41AE777C700EEF177 /* Debug */ = {
			isa = XCBuildConfiguration;
			buildSettings = {
				ALWAYS_SEARCH_USER_PATHS = NO;
				CLANG_CXX_LANGUAGE_STANDARD = "gnu++0x";
				CLANG_CXX_LIBRARY = "libc++";
				CLANG_ENABLE_MODULES = YES;
				CLANG_ENABLE_OBJC_ARC = YES;
				CLANG_WARN_BOOL_CONVERSION = YES;
				CLANG_WARN_CONSTANT_CONVERSION = YES;
				CLANG_WARN_DIRECT_OBJC_ISA_USAGE = YES_ERROR;
				CLANG_WARN_EMPTY_BODY = YES;
				CLANG_WARN_ENUM_CONVERSION = YES;
				CLANG_WARN_INT_CONVERSION = YES;
				CLANG_WARN_OBJC_ROOT_CLASS = YES_ERROR;
				CLANG_WARN_UNREACHABLE_CODE = YES;
				CLANG_WARN__DUPLICATE_METHOD_MATCH = YES;
				"CODE_SIGN_IDENTITY[sdk=iphoneos*]" = "iPhone Developer";
				COPY_PHASE_STRIP = NO;
				ENABLE_STRICT_OBJC_MSGSEND = YES;
				GCC_C_LANGUAGE_STANDARD = gnu99;
				GCC_DYNAMIC_NO_PIC = NO;
				GCC_OPTIMIZATION_LEVEL = 0;
				GCC_PREPROCESSOR_DEFINITIONS = (
					"DEBUG=1",
					"$(inherited)",
				);
				GCC_SYMBOLS_PRIVATE_EXTERN = NO;
				GCC_WARN_64_TO_32_BIT_CONVERSION = YES;
				GCC_WARN_ABOUT_RETURN_TYPE = YES_ERROR;
				GCC_WARN_UNDECLARED_SELECTOR = YES;
				GCC_WARN_UNINITIALIZED_AUTOS = YES_AGGRESSIVE;
				GCC_WARN_UNUSED_FUNCTION = YES;
				GCC_WARN_UNUSED_VARIABLE = YES;
				IPHONEOS_DEPLOYMENT_TARGET = 8.1;
				MTL_ENABLE_DEBUG_INFO = YES;
				ONLY_ACTIVE_ARCH = YES;
				SDKROOT = iphoneos;
				SWIFT_OPTIMIZATION_LEVEL = "-Onone";
				TARGETED_DEVICE_FAMILY = "1,2";
			};
			name = Debug;
		};
		1ED87AE51AE777C700EEF177 /* Release */ = {
			isa = XCBuildConfiguration;
			buildSettings = {
				ALWAYS_SEARCH_USER_PATHS = NO;
				CLANG_CXX_LANGUAGE_STANDARD = "gnu++0x";
				CLANG_CXX_LIBRARY = "libc++";
				CLANG_ENABLE_MODULES = YES;
				CLANG_ENABLE_OBJC_ARC = YES;
				CLANG_WARN_BOOL_CONVERSION = YES;
				CLANG_WARN_CONSTANT_CONVERSION = YES;
				CLANG_WARN_DIRECT_OBJC_ISA_USAGE = YES_ERROR;
				CLANG_WARN_EMPTY_BODY = YES;
				CLANG_WARN_ENUM_CONVERSION = YES;
				CLANG_WARN_INT_CONVERSION = YES;
				CLANG_WARN_OBJC_ROOT_CLASS = YES_ERROR;
				CLANG_WARN_UNREACHABLE_CODE = YES;
				CLANG_WARN__DUPLICATE_METHOD_MATCH = YES;
				"CODE_SIGN_IDENTITY[sdk=iphoneos*]" = "iPhone Developer";
				COPY_PHASE_STRIP = YES;
				ENABLE_NS_ASSERTIONS = NO;
				ENABLE_STRICT_OBJC_MSGSEND = YES;
				GCC_C_LANGUAGE_STANDARD = gnu99;
				GCC_WARN_64_TO_32_BIT_CONVERSION = YES;
				GCC_WARN_ABOUT_RETURN_TYPE = YES_ERROR;
				GCC_WARN_UNDECLARED_SELECTOR = YES;
				GCC_WARN_UNINITIALIZED_AUTOS = YES_AGGRESSIVE;
				GCC_WARN_UNUSED_FUNCTION = YES;
				GCC_WARN_UNUSED_VARIABLE = YES;
				IPHONEOS_DEPLOYMENT_TARGET = 8.1;
				MTL_ENABLE_DEBUG_INFO = NO;
				SDKROOT = iphoneos;
				TARGETED_DEVICE_FAMILY = "1,2";
				VALIDATE_PRODUCT = YES;
			};
			name = Release;
		};
		1ED87AE71AE777C700EEF177 /* Debug */ = {
			isa = XCBuildConfiguration;
			buildSettings = {
				ASSETCATALOG_COMPILER_APPICON_NAME = AppIcon;
				INFOPLIST_FILE = Experiment/Info.plist;
				LD_RUNPATH_SEARCH_PATHS = "$(inherited) @executable_path/Frameworks";
				PRODUCT_NAME = "$(TARGET_NAME)";
			};
			name = Debug;
		};
		1ED87AE81AE777C700EEF177 /* Release */ = {
			isa = XCBuildConfiguration;
			buildSettings = {
				ASSETCATALOG_COMPILER_APPICON_NAME = AppIcon;
				INFOPLIST_FILE = Experiment/Info.plist;
				LD_RUNPATH_SEARCH_PATHS = "$(inherited) @executable_path/Frameworks";
				PRODUCT_NAME = "$(TARGET_NAME)";
			};
			name = Release;
		};
		1ED87AEA1AE777C700EEF177 /* Debug */ = {
			isa = XCBuildConfiguration;
			buildSettings = {
				BUNDLE_LOADER = "$(TEST_HOST)";
				FRAMEWORK_SEARCH_PATHS = (
					"$(SDKROOT)/Developer/Library/Frameworks",
					"$(inherited)",
				);
				GCC_PREPROCESSOR_DEFINITIONS = (
					"DEBUG=1",
					"$(inherited)",
				);
				INFOPLIST_FILE = ExperimentTests/Info.plist;
				LD_RUNPATH_SEARCH_PATHS = "$(inherited) @executable_path/Frameworks @loader_path/Frameworks";
				PRODUCT_NAME = "$(TARGET_NAME)";
				TEST_HOST = "$(BUILT_PRODUCTS_DIR)/Experiment.app/Experiment";
			};
			name = Debug;
		};
		1ED87AEB1AE777C700EEF177 /* Release */ = {
			isa = XCBuildConfiguration;
			buildSettings = {
				BUNDLE_LOADER = "$(TEST_HOST)";
				FRAMEWORK_SEARCH_PATHS = (
					"$(SDKROOT)/Developer/Library/Frameworks",
					"$(inherited)",
				);
				INFOPLIST_FILE = ExperimentTests/Info.plist;
				LD_RUNPATH_SEARCH_PATHS = "$(inherited) @executable_path/Frameworks @loader_path/Frameworks";
				PRODUCT_NAME = "$(TARGET_NAME)";
				TEST_HOST = "$(BUILT_PRODUCTS_DIR)/Experiment.app/Experiment";
			};
			name = Release;
		};
/* End XCBuildConfiguration section */

/* Begin XCConfigurationList section */
		1ED87ABF1AE777C700EEF177 /* Build configuration list for PBXProject "Experiment" */ = {
			isa = XCConfigurationList;
			buildConfigurations = (
				1ED87AE41AE777C700EEF177 /* Debug */,
				1ED87AE51AE777C700EEF177 /* Release */,
			);
			defaultConfigurationIsVisible = 0;
			defaultConfigurationName = Release;
		};
		1ED87AE61AE777C700EEF177 /* Build configuration list for PBXNativeTarget "Experiment" */ = {
			isa = XCConfigurationList;
			buildConfigurations = (
				1ED87AE71AE777C700EEF177 /* Debug */,
				1ED87AE81AE777C700EEF177 /* Release */,
			);
			defaultConfigurationIsVisible = 0;
		};
		1ED87AE91AE777C700EEF177 /* Build configuration list for PBXNativeTarget "ExperimentTests" */ = {
			isa = XCConfigurationList;
			buildConfigurations = (
				1ED87AEA1AE777C700EEF177 /* Debug */,
				1ED87AEB1AE777C700EEF177 /* Release */,
			);
			defaultConfigurationIsVisible = 0;
		};
/* End XCConfigurationList section */

/* Begin XCVersionGroup section */
		1ED87ACB1AE777C700EEF177 /* Experiment.xcdatamodeld */ = {
			isa = XCVersionGroup;
			children = (
				1ED87ACC1AE777C700EEF177 /* Experiment.xcdatamodel */,
			);
			currentVersion = 1ED87ACC1AE777C700EEF177 /* Experiment.xcdatamodel */;
			path = Experiment.xcdatamodeld;
			sourceTree = "<group>";
			versionGroupType = wrapper.xcdatamodel;
		};
/* End XCVersionGroup section */
	};
	rootObject = 1ED87ABC1AE777C700EEF177 /* Project object */;
}
